{
  "name": "friendly-project-name",
  "version": "1.0.0",
  "lockfileVersion": 1,
  "requires": true,
  "dependencies": {
    "friendly-words": {
      "version": "1.1.10",
      "resolved": "https://registry.npmjs.org/friendly-words/-/friendly-words-1.1.10.tgz",
      "integrity": "sha512-KFrW1RS5qr7uIFF3RXITtmTHQhLA0J6htpKkoTcTSNxyXeOTio5venOr8AdOiS9KAQlxhnONcCifyJcj0kM7/A=="
    },
    "micro-cors": {
      "version": "0.1.1",
      "resolved": "https://registry.npmjs.org/micro-cors/-/micro-cors-0.1.1.tgz",
      "integrity": "sha512-6WqIahA5sbQR1Gjexp1VuWGFDKbZZleJb/gy1khNGk18a6iN1FdTcr3Q8twaxkV5H94RjxIBjirYbWCehpMBFw=="
    },
    "now": {
      "version": "16.4.3",
      "resolved": "https://registry.npmjs.org/now/-/now-16.4.3.tgz",
      "integrity": "sha512-BF4Zx6/RRovRWmShJB6O8vEkUT/baNWgxwerXjdJpG4xAiWP0s1EpXCEanDNMzaCWOuG+RaNxwHpOTyVNWWULg=="
    }
  }
}
